DEPENDENCIES
  java
  myloadbalancer
    path: ../myloadbalancer
  mysql
  nfs
  sourcesense_liferay
    path: ../sourcesense_liferay
  sourcesense_mysql
    path: ../sourcesense_mysql
  sourcesense_nfs
    path: ../sourcesense_nfs

GRAPH
  apt (5.0.0)
    compat_resource (>= 12.14.7)
  ark (2.0.0)
    build-essential (>= 0.0.0)
    seven_zip (>= 0.0.0)
    windows (>= 0.0.0)
  build-essential (7.0.1)
    compat_resource (>= 12.14)
    mingw (>= 1.1)
    seven_zip (>= 0.0.0)
  compat_resource (12.16.1)
  cpu (0.2.0)
  database (6.0.0)
    postgresql (>= 1.0.0)
  docker (2.9.7)
    compat_resource (>= 12.14.2)
  haproxy (1.6.7)
    build-essential (>= 0.0.0)
    cpu (>= 0.2.0)
  homebrew (2.1.2)
    build-essential (>= 2.1.2)
  java (1.42.0)
    apt (>= 0.0.0)
    homebrew (>= 0.0.0)
    windows (>= 0.0.0)
  line (0.6.3)
  mariadb (0.3.1)
    apt (>= 0.0.0)
    yum (>= 0.0.0)
    yum-epel (>= 0.0.0)
  mingw (1.2.4)
    compat_resource (>= 0.0.0)
    seven_zip (>= 0.0.0)
  myloadbalancer (0.1.0)
    haproxy (>= 0.0.0)
  mysql (8.1.0)
  mysql2_chef_gem (1.1.0)
    build-essential (>= 0.0.0)
    mariadb (>= 0.0.0)
    mysql (>= 6.0)
  nfs (2.3.0)
    line (>= 0.0.0)
    sysctl (>= 0.0.0)
  ohai (4.2.2)
    compat_resource (>= 12.14)
  openssl (6.0.0)
  postgresql (5.0.0)
    apt (>= 1.9.0)
    build-essential (>= 2.0.0)
    openssl (>= 4.0)
  selinux (0.9.0)
  seven_zip (2.0.2)
    windows (>= 1.2.2)
  sourcesense_liferay (0.1.0)
    ark (>= 0.0.0)
    docker (>= 0.0.0)
    selinux (>= 0.0.0)
  sourcesense_mysql (0.1.0)
    database (>= 0.0.0)
    mysql (>= 0.0.0)
    mysql2_chef_gem (~> 1.0)
  sourcesense_nfs (0.1.0)
  sysctl (0.8.1)
    ohai (>= 4.0)
  windows (2.0.2)
  yum (4.1.0)
  yum-epel (1.0.2)
    yum (>= 3.6)
